
Microsoft Visual Studio Solution File, Format Version 12.00
# Visual Studio Version 17
VisualStudioVersion = 17.13.35828.75 d17.13
MinimumVisualStudioVersion = 10.0.40219.1
Project("{FAE04EC0-301F-11D3-BF4B-00C04F79EFBC}") = "School_Journal", "School_Journal\School_Journal.csproj", "{22896784-3D52-4ABC-BB6B-BF3A0173813D}"
EndProject
Global
	GlobalSection(SolutionConfigurationPlatforms) = preSolution
		Debug|Any CPU = Debug|Any CPU
		Release|Any CPU = Release|Any CPU
	EndGlobalSection
	GlobalSection(ProjectConfigurationPlatforms) = postSolution
		{22896784-3D52-4ABC-BB6B-BF3A0173813D}.Debug|Any CPU.ActiveCfg = Debug|Any CPU
		{22896784-3D52-4ABC-BB6B-BF3A0173813D}.Debug|Any CPU.Build.0 = Debug|Any CPU
		{22896784-3D52-4ABC-BB6B-BF3A0173813D}.Release|Any CPU.ActiveCfg = Release|Any CPU
		{22896784-3D52-4ABC-BB6B-BF3A0173813D}.Release|Any CPU.Build.0 = Release|Any CPU
	EndGlobalSection
	GlobalSection(SolutionProperties) = preSolution
		HideSolutionNode = FALSE
	EndGlobalSection
	GlobalSection(ExtensibilityGlobals) = postSolution
		SolutionGuid = {47F355C7-5926-4136-AFA0-8E56E42E60B5}
	EndGlobalSection
EndGlobal
